
Microsoft Visual Studio Solution File, Format Version 12.00
# Visual Studio Version 16
VisualStudioVersion = 16.0.30406.217
MinimumVisualStudioVersion = 10.0.40219.1
Project("{FAE04EC0-301F-11D3-BF4B-00C04F79EFBC}") = "Unidad2Actividad4Vuelos", "Unidad2Actividad4Vuelos\Unidad2Actividad4Vuelos.csproj", "{3978DDBA-24D4-446B-A33F-1F5BC1233791}"
EndProject
Global
	GlobalSection(SolutionConfigurationPlatforms) = preSolution
		Debug|Any CPU = Debug|Any CPU
		Release|Any CPU = Release|Any CPU
	EndGlobalSection
	GlobalSection(ProjectConfigurationPlatforms) = postSolution
		{3978DDBA-24D4-446B-A33F-1F5BC1233791}.Debug|Any CPU.ActiveCfg = Debug|Any CPU
		{3978DDBA-24D4-446B-A33F-1F5BC1233791}.Debug|Any CPU.Build.0 = Debug|Any CPU
		{3978DDBA-24D4-446B-A33F-1F5BC1233791}.Release|Any CPU.ActiveCfg = Release|Any CPU
		{3978DDBA-24D4-446B-A33F-1F5BC1233791}.Release|Any CPU.Build.0 = Release|Any CPU
	EndGlobalSection
	GlobalSection(SolutionProperties) = preSolution
		HideSolutionNode = FALSE
	EndGlobalSection
	GlobalSection(ExtensibilityGlobals) = postSolution
		SolutionGuid = {4A0BCD13-FF11-481D-A79B-CBCAD4F9C1F8}
	EndGlobalSection
EndGlobal
